// !$*UTF8*$!
{
	archiveVersion = 1;
	classes = {
	};
	objectVersion = 50;
	objects = {

/* Begin PBXBuildFile section */
		B61FDAAA214F123100B536AD /* RestaurantController.swift in Sources */ = {isa = PBXBuildFile; fileRef = B61FDAA9214F123100B536AD /* RestaurantController.swift */; };
		B61FDAAC214F123F00B536AD /* SearchViewController.swift in Sources */ = {isa = PBXBuildFile; fileRef = B61FDAAB214F123F00B536AD /* SearchViewController.swift */; };
		B61FDAB1214F12A500B536AD /* CloudKitManager.swift in Sources */ = {isa = PBXBuildFile; fileRef = B61FDAB0214F12A500B536AD /* CloudKitManager.swift */; };
		B61FDAB3214F12B000B536AD /* CoreDataManager.swift in Sources */ = {isa = PBXBuildFile; fileRef = B61FDAB2214F12B000B536AD /* CoreDataManager.swift */; };
		B61FDAB6214F12E300B536AD /* CoreLocationManager.swift in Sources */ = {isa = PBXBuildFile; fileRef = B61FDAB5214F12E300B536AD /* CoreLocationManager.swift */; };
		B61FDAB8214F12EA00B536AD /* MapKitManager.swift in Sources */ = {isa = PBXBuildFile; fileRef = B61FDAB7214F12EA00B536AD /* MapKitManager.swift */; };
		B6733FC52152BC780008F997 /* CDYelpFusionKitManager.swift in Sources */ = {isa = PBXBuildFile; fileRef = B6733FC42152BC780008F997 /* CDYelpFusionKitManager.swift */; };
		B6733FD02152C8940008F997 /* BusinessTableViewCell.swift in Sources */ = {isa = PBXBuildFile; fileRef = B6733FCF2152C8940008F997 /* BusinessTableViewCell.swift */; };
		B6733FD52152E8530008F997 /* ButtonAnimationManager.swift in Sources */ = {isa = PBXBuildFile; fileRef = B6733FD42152E8530008F997 /* ButtonAnimationManager.swift */; };
		B6733FD8215318870008F997 /* RestaurantRoulette.xcdatamodeld in Sources */ = {isa = PBXBuildFile; fileRef = B6733FD6215318870008F997 /* RestaurantRoulette.xcdatamodeld */; };
		B6733FDD21531A140008F997 /* CoreDataStack.swift in Sources */ = {isa = PBXBuildFile; fileRef = B6733FDC21531A140008F997 /* CoreDataStack.swift */; };
		B6733FDF21531A310008F997 /* Restaurant+Convenience.swift in Sources */ = {isa = PBXBuildFile; fileRef = B6733FDE21531A300008F997 /* Restaurant+Convenience.swift */; };
		B67CD569214F10A1005F755A /* AppDelegate.swift in Sources */ = {isa = PBXBuildFile; fileRef = B67CD568214F10A1005F755A /* AppDelegate.swift */; };
		B67CD56E214F10A1005F755A /* SearchScreen.storyboard in Resources */ = {isa = PBXBuildFile; fileRef = B67CD56C214F10A1005F755A /* SearchScreen.storyboard */; };
		B67CD570214F10A6005F755A /* Assets.xcassets in Resources */ = {isa = PBXBuildFile; fileRef = B67CD56F214F10A6005F755A /* Assets.xcassets */; };
		B67CD573214F10A6005F755A /* LaunchScreen.storyboard in Resources */ = {isa = PBXBuildFile; fileRef = B67CD571214F10A6005F755A /* LaunchScreen.storyboard */; };
		B67CD57E214F10A6005F755A /* RestaurantRouletteTests.swift in Sources */ = {isa = PBXBuildFile; fileRef = B67CD57D214F10A6005F755A /* RestaurantRouletteTests.swift */; };
		B67CD589214F10A6005F755A /* RestaurantRouletteUITests.swift in Sources */ = {isa = PBXBuildFile; fileRef = B67CD588214F10A6005F755A /* RestaurantRouletteUITests.swift */; };
		B67CD59A214F11A5005F755A /* CloudKit.framework in Frameworks */ = {isa = PBXBuildFile; fileRef = B67CD599214F11A5005F755A /* CloudKit.framework */; };
		B69F7335215157EA00F8956F /* FavoriteDetailViewController.swift in Sources */ = {isa = PBXBuildFile; fileRef = B69F7334215157EA00F8956F /* FavoriteDetailViewController.swift */; };
		B69F7338215185E600F8956F /* PhoneNumberFormatter.swift in Sources */ = {isa = PBXBuildFile; fileRef = B69F7337215185E600F8956F /* PhoneNumberFormatter.swift */; };
		B69F733C2151BCB600F8956F /* RouletteAnimationViewController.swift in Sources */ = {isa = PBXBuildFile; fileRef = B69F733B2151BCB600F8956F /* RouletteAnimationViewController.swift */; };
		B69F733E2151C00400F8956F /* FavoriteMapViewController.swift in Sources */ = {isa = PBXBuildFile; fileRef = B69F733D2151C00400F8956F /* FavoriteMapViewController.swift */; };
		B69F73402151E0E900F8956F /* RandomRestaurantMapViewController.swift in Sources */ = {isa = PBXBuildFile; fileRef = B69F733F2151E0E900F8956F /* RandomRestaurantMapViewController.swift */; };
		B69F73422151E2CE00F8956F /* CDYelpBusiness+MKAnnotation.swift in Sources */ = {isa = PBXBuildFile; fileRef = B69F73412151E2CE00F8956F /* CDYelpBusiness+MKAnnotation.swift */; };
		B6C934B521504A8B003CE920 /* RestaurantTableViewCell.swift in Sources */ = {isa = PBXBuildFile; fileRef = B6C934B421504A8B003CE920 /* RestaurantTableViewCell.swift */; };
		B6C934BB21506594003CE920 /* RestaurantsListViewController.swift in Sources */ = {isa = PBXBuildFile; fileRef = B6C934BA21506594003CE920 /* RestaurantsListViewController.swift */; };
		B6E8A61E21503338003EB2E8 /* MetersUnitConverter.swift in Sources */ = {isa = PBXBuildFile; fileRef = B6E8A61D21503338003EB2E8 /* MetersUnitConverter.swift */; };
		B6E8A620215037AE003EB2E8 /* FavoritesListViewController.swift in Sources */ = {isa = PBXBuildFile; fileRef = B6E8A61F215037AE003EB2E8 /* FavoritesListViewController.swift */; };
		D3FB8787E9E5FFF466F179D5 /* Pods_RestaurantRoulette.framework in Frameworks */ = {isa = PBXBuildFile; fileRef = 9E590FE1F8F15C69C0B40CB8 /* Pods_RestaurantRoulette.framework */; };
/* End PBXBuildFile section */

/* Begin PBXContainerItemProxy section */
		B67CD57A214F10A6005F755A /* PBXContainerItemProxy */ = {
			isa = PBXContainerItemProxy;
			containerPortal = B67CD55D214F10A0005F755A /* Project object */;
			proxyType = 1;
			remoteGlobalIDString = B67CD564214F10A0005F755A;
			remoteInfo = RestaurantRoulette;
		};
		B67CD585214F10A6005F755A /* PBXContainerItemProxy */ = {
			isa = PBXContainerItemProxy;
			containerPortal = B67CD55D214F10A0005F755A /* Project object */;
			proxyType = 1;
			remoteGlobalIDString = B67CD564214F10A0005F755A;
			remoteInfo = RestaurantRoulette;
		};
/* End PBXContainerItemProxy section */

/* Begin PBXFileReference section */
		1C88CD7DFFED05A4247986CE /* Pods-RestaurantRoulette.debug.xcconfig */ = {isa = PBXFileReference; includeInIndex = 1; lastKnownFileType = text.xcconfig; name = "Pods-RestaurantRoulette.debug.xcconfig"; path = "Pods/Target Support Files/Pods-RestaurantRoulette/Pods-RestaurantRoulette.debug.xcconfig"; sourceTree = "<group>"; };
		9E590FE1F8F15C69C0B40CB8 /* Pods_RestaurantRoulette.framework */ = {isa = PBXFileReference; explicitFileType = wrapper.framework; includeInIndex = 0; path = Pods_RestaurantRoulette.framework; sourceTree = BUILT_PRODUCTS_DIR; };
		B61FDAA9214F123100B536AD /* RestaurantController.swift */ = {isa = PBXFileReference; lastKnownFileType = sourcecode.swift; path = RestaurantController.swift; sourceTree = "<group>"; };
		B61FDAAB214F123F00B536AD /* SearchViewController.swift */ = {isa = PBXFileReference; lastKnownFileType = sourcecode.swift; path = SearchViewController.swift; sourceTree = "<group>"; };
		B61FDAB0214F12A500B536AD /* CloudKitManager.swift */ = {isa = PBXFileReference; lastKnownFileType = sourcecode.swift; path = CloudKitManager.swift; sourceTree = "<group>"; };
		B61FDAB2214F12B000B536AD /* CoreDataManager.swift */ = {isa = PBXFileReference; lastKnownFileType = sourcecode.swift; path = CoreDataManager.swift; sourceTree = "<group>"; };
		B61FDAB5214F12E300B536AD /* CoreLocationManager.swift */ = {isa = PBXFileReference; lastKnownFileType = sourcecode.swift; path = CoreLocationManager.swift; sourceTree = "<group>"; };
		B61FDAB7214F12EA00B536AD /* MapKitManager.swift */ = {isa = PBXFileReference; lastKnownFileType = sourcecode.swift; path = MapKitManager.swift; sourceTree = "<group>"; };
		B6733FC42152BC780008F997 /* CDYelpFusionKitManager.swift */ = {isa = PBXFileReference; lastKnownFileType = sourcecode.swift; path = CDYelpFusionKitManager.swift; sourceTree = "<group>"; };
		B6733FCF2152C8940008F997 /* BusinessTableViewCell.swift */ = {isa = PBXFileReference; lastKnownFileType = sourcecode.swift; path = BusinessTableViewCell.swift; sourceTree = "<group>"; };
		B6733FD42152E8530008F997 /* ButtonAnimationManager.swift */ = {isa = PBXFileReference; lastKnownFileType = sourcecode.swift; path = ButtonAnimationManager.swift; sourceTree = "<group>"; };
		B6733FD7215318870008F997 /* RestaurantRoulette.xcdatamodel */ = {isa = PBXFileReference; lastKnownFileType = wrapper.xcdatamodel; path = RestaurantRoulette.xcdatamodel; sourceTree = "<group>"; };
		B6733FDC21531A140008F997 /* CoreDataStack.swift */ = {isa = PBXFileReference; lastKnownFileType = sourcecode.swift; path = CoreDataStack.swift; sourceTree = "<group>"; };
		B6733FDE21531A300008F997 /* Restaurant+Convenience.swift */ = {isa = PBXFileReference; lastKnownFileType = sourcecode.swift; path = "Restaurant+Convenience.swift"; sourceTree = "<group>"; };
		B67CD565214F10A1005F755A /* RestaurantRoulette.app */ = {isa = PBXFileReference; explicitFileType = wrapper.application; includeInIndex = 0; path = RestaurantRoulette.app; sourceTree = BUILT_PRODUCTS_DIR; };
		B67CD568214F10A1005F755A /* AppDelegate.swift */ = {isa = PBXFileReference; lastKnownFileType = sourcecode.swift; path = AppDelegate.swift; sourceTree = "<group>"; };
		B67CD56D214F10A1005F755A /* Base */ = {isa = PBXFileReference; lastKnownFileType = file.storyboard; name = Base; path = Base.lproj/SearchScreen.storyboard; sourceTree = "<group>"; };
		B67CD56F214F10A6005F755A /* Assets.xcassets */ = {isa = PBXFileReference; lastKnownFileType = folder.assetcatalog; path = Assets.xcassets; sourceTree = "<group>"; };
		B67CD572214F10A6005F755A /* Base */ = {isa = PBXFileReference; lastKnownFileType = file.storyboard; name = Base; path = Base.lproj/LaunchScreen.storyboard; sourceTree = "<group>"; };
		B67CD574214F10A6005F755A /* Info.plist */ = {isa = PBXFileReference; lastKnownFileType = text.plist.xml; path = Info.plist; sourceTree = "<group>"; };
		B67CD579214F10A6005F755A /* RestaurantRouletteTests.xctest */ = {isa = PBXFileReference; explicitFileType = wrapper.cfbundle; includeInIndex = 0; path = RestaurantRouletteTests.xctest; sourceTree = BUILT_PRODUCTS_DIR; };
		B67CD57D214F10A6005F755A /* RestaurantRouletteTests.swift */ = {isa = PBXFileReference; lastKnownFileType = sourcecode.swift; path = RestaurantRouletteTests.swift; sourceTree = "<group>"; };
		B67CD57F214F10A6005F755A /* Info.plist */ = {isa = PBXFileReference; lastKnownFileType = text.plist.xml; path = Info.plist; sourceTree = "<group>"; };
		B67CD584214F10A6005F755A /* RestaurantRouletteUITests.xctest */ = {isa = PBXFileReference; explicitFileType = wrapper.cfbundle; includeInIndex = 0; path = RestaurantRouletteUITests.xctest; sourceTree = BUILT_PRODUCTS_DIR; };
		B67CD588214F10A6005F755A /* RestaurantRouletteUITests.swift */ = {isa = PBXFileReference; lastKnownFileType = sourcecode.swift; path = RestaurantRouletteUITests.swift; sourceTree = "<group>"; };
		B67CD58A214F10A6005F755A /* Info.plist */ = {isa = PBXFileReference; lastKnownFileType = text.plist.xml; path = Info.plist; sourceTree = "<group>"; };
		B67CD597214F11A2005F755A /* RestaurantRoulette.entitlements */ = {isa = PBXFileReference; lastKnownFileType = text.plist.entitlements; path = RestaurantRoulette.entitlements; sourceTree = "<group>"; };
		B67CD599214F11A5005F755A /* CloudKit.framework */ = {isa = PBXFileReference; lastKnownFileType = wrapper.framework; name = CloudKit.framework; path = System/Library/Frameworks/CloudKit.framework; sourceTree = SDKROOT; };
		B69F7334215157EA00F8956F /* FavoriteDetailViewController.swift */ = {isa = PBXFileReference; lastKnownFileType = sourcecode.swift; path = FavoriteDetailViewController.swift; sourceTree = "<group>"; };
		B69F7337215185E600F8956F /* PhoneNumberFormatter.swift */ = {isa = PBXFileReference; lastKnownFileType = sourcecode.swift; path = PhoneNumberFormatter.swift; sourceTree = "<group>"; };
		B69F733B2151BCB600F8956F /* RouletteAnimationViewController.swift */ = {isa = PBXFileReference; lastKnownFileType = sourcecode.swift; path = RouletteAnimationViewController.swift; sourceTree = "<group>"; };
		B69F733D2151C00400F8956F /* FavoriteMapViewController.swift */ = {isa = PBXFileReference; lastKnownFileType = sourcecode.swift; path = FavoriteMapViewController.swift; sourceTree = "<group>"; };
		B69F733F2151E0E900F8956F /* RandomRestaurantMapViewController.swift */ = {isa = PBXFileReference; lastKnownFileType = sourcecode.swift; path = RandomRestaurantMapViewController.swift; sourceTree = "<group>"; };
		B69F73412151E2CE00F8956F /* CDYelpBusiness+MKAnnotation.swift */ = {isa = PBXFileReference; lastKnownFileType = sourcecode.swift; path = "CDYelpBusiness+MKAnnotation.swift"; sourceTree = "<group>"; };
		B6C934B421504A8B003CE920 /* RestaurantTableViewCell.swift */ = {isa = PBXFileReference; lastKnownFileType = sourcecode.swift; path = RestaurantTableViewCell.swift; sourceTree = "<group>"; };
		B6C934BA21506594003CE920 /* RestaurantsListViewController.swift */ = {isa = PBXFileReference; lastKnownFileType = sourcecode.swift; path = RestaurantsListViewController.swift; sourceTree = "<group>"; };
		B6E8A61D21503338003EB2E8 /* MetersUnitConverter.swift */ = {isa = PBXFileReference; lastKnownFileType = sourcecode.swift; path = MetersUnitConverter.swift; sourceTree = "<group>"; };
		B6E8A61F215037AE003EB2E8 /* FavoritesListViewController.swift */ = {isa = PBXFileReference; lastKnownFileType = sourcecode.swift; path = FavoritesListViewController.swift; sourceTree = "<group>"; };
		D15932CD02930B445B58711B /* Pods-RestaurantRoulette.release.xcconfig */ = {isa = PBXFileReference; includeInIndex = 1; lastKnownFileType = text.xcconfig; name = "Pods-RestaurantRoulette.release.xcconfig"; path = "Pods/Target Support Files/Pods-RestaurantRoulette/Pods-RestaurantRoulette.release.xcconfig"; sourceTree = "<group>"; };
/* End PBXFileReference section */

/* Begin PBXFrameworksBuildPhase section */
		B67CD562214F10A0005F755A /* Frameworks */ = {
			isa = PBXFrameworksBuildPhase;
			buildActionMask = 2147483647;
			files = (
				B67CD59A214F11A5005F755A /* CloudKit.framework in Frameworks */,
				D3FB8787E9E5FFF466F179D5 /* Pods_RestaurantRoulette.framework in Frameworks */,
			);
			runOnlyForDeploymentPostprocessing = 0;
		};
		B67CD576214F10A6005F755A /* Frameworks */ = {
			isa = PBXFrameworksBuildPhase;
			buildActionMask = 2147483647;
			files = (
			);
			runOnlyForDeploymentPostprocessing = 0;
		};
		B67CD581214F10A6005F755A /* Frameworks */ = {
			isa = PBXFrameworksBuildPhase;
			buildActionMask = 2147483647;
			files = (
			);
			runOnlyForDeploymentPostprocessing = 0;
		};
/* End PBXFrameworksBuildPhase section */

/* Begin PBXGroup section */
		B61FDAA0214F11D600B536AD /* Resources */ = {
			isa = PBXGroup;
			children = (
				B67CD597214F11A2005F755A /* RestaurantRoulette.entitlements */,
				B67CD568214F10A1005F755A /* AppDelegate.swift */,
				B67CD56F214F10A6005F755A /* Assets.xcassets */,
				B67CD574214F10A6005F755A /* Info.plist */,
			);
			path = Resources;
			sourceTree = "<group>";
		};
		B61FDAA1214F11EA00B536AD /* Managers */ = {
			isa = PBXGroup;
			children = (
				B6733FD32152E8460008F997 /* ButtonAnimationManager */,
				B6733FC92152C4260008F997 /* CDYelpFusionKitManager */,
				B61FDAAF214F129400B536AD /* CloudKit */,
				B61FDAAE214F129200B536AD /* CoreData */,
				B61FDAB4214F12D000B536AD /* CoreLocation */,
				B61FDAAD214F129000B536AD /* MapKit */,
			);
			path = Managers;
			sourceTree = "<group>";
		};
		B61FDAA2214F11F200B536AD /* Controllers */ = {
			isa = PBXGroup;
			children = (
				B61FDAA8214F121D00B536AD /* ModelControllers */,
				B61FDAA7214F121B00B536AD /* ViewControllers */,
			);
			path = Controllers;
			sourceTree = "<group>";
		};
		B61FDAA3214F11F400B536AD /* Views */ = {
			isa = PBXGroup;
			children = (
				B6E8A61B215008C2003EB2E8 /* CustomViews */,
				B6E8A61A215008B7003EB2E8 /* Storyboards */,
			);
			path = Views;
			sourceTree = "<group>";
		};
		B61FDAA4214F11F700B536AD /* Models */ = {
			isa = PBXGroup;
			children = (
				B6733FDA215319E10008F997 /* CDYelpBusiness */,
				B6733FD9215319CC0008F997 /* CoreData */,
			);
			path = Models;
			sourceTree = "<group>";
		};
		B61FDAA7214F121B00B536AD /* ViewControllers */ = {
			isa = PBXGroup;
			children = (
				B6733FD22152E6210008F997 /* FavoritesViewControllers */,
				B6733FD12152E6140008F997 /* SearchViewControllers */,
			);
			path = ViewControllers;
			sourceTree = "<group>";
		};
		B61FDAA8214F121D00B536AD /* ModelControllers */ = {
			isa = PBXGroup;
			children = (
				B61FDAA9214F123100B536AD /* RestaurantController.swift */,
			);
			path = ModelControllers;
			sourceTree = "<group>";
		};
		B61FDAAD214F129000B536AD /* MapKit */ = {
			isa = PBXGroup;
			children = (
				B61FDAB7214F12EA00B536AD /* MapKitManager.swift */,
			);
			path = MapKit;
			sourceTree = "<group>";
		};
		B61FDAAE214F129200B536AD /* CoreData */ = {
			isa = PBXGroup;
			children = (
				B61FDAB2214F12B000B536AD /* CoreDataManager.swift */,
			);
			path = CoreData;
			sourceTree = "<group>";
		};
		B61FDAAF214F129400B536AD /* CloudKit */ = {
			isa = PBXGroup;
			children = (
				B61FDAB0214F12A500B536AD /* CloudKitManager.swift */,
			);
			path = CloudKit;
			sourceTree = "<group>";
		};
		B61FDAB4214F12D000B536AD /* CoreLocation */ = {
			isa = PBXGroup;
			children = (
				B61FDAB5214F12E300B536AD /* CoreLocationManager.swift */,
			);
			path = CoreLocation;
			sourceTree = "<group>";
		};
		B6733FC92152C4260008F997 /* CDYelpFusionKitManager */ = {
			isa = PBXGroup;
			children = (
				B6733FC42152BC780008F997 /* CDYelpFusionKitManager.swift */,
			);
			path = CDYelpFusionKitManager;
			sourceTree = "<group>";
		};
		B6733FD12152E6140008F997 /* SearchViewControllers */ = {
			isa = PBXGroup;
			children = (
				B61FDAAB214F123F00B536AD /* SearchViewController.swift */,
				B6C934BA21506594003CE920 /* RestaurantsListViewController.swift */,
				B69F733F2151E0E900F8956F /* RandomRestaurantMapViewController.swift */,
				B69F733B2151BCB600F8956F /* RouletteAnimationViewController.swift */,
			);
			path = SearchViewControllers;
			sourceTree = "<group>";
		};
		B6733FD22152E6210008F997 /* FavoritesViewControllers */ = {
			isa = PBXGroup;
			children = (
				B6E8A61F215037AE003EB2E8 /* FavoritesListViewController.swift */,
				B69F7334215157EA00F8956F /* FavoriteDetailViewController.swift */,
				B69F733D2151C00400F8956F /* FavoriteMapViewController.swift */,
			);
			path = FavoritesViewControllers;
			sourceTree = "<group>";
		};
		B6733FD32152E8460008F997 /* ButtonAnimationManager */ = {
			isa = PBXGroup;
			children = (
				B6733FD42152E8530008F997 /* ButtonAnimationManager.swift */,
			);
			path = ButtonAnimationManager;
			sourceTree = "<group>";
		};
		B6733FD9215319CC0008F997 /* CoreData */ = {
			isa = PBXGroup;
			children = (
				B6733FD6215318870008F997 /* RestaurantRoulette.xcdatamodeld */,
				B6733FDC21531A140008F997 /* CoreDataStack.swift */,
				B6733FDE21531A300008F997 /* Restaurant+Convenience.swift */,
			);
			path = CoreData;
			sourceTree = "<group>";
		};
		B6733FDA215319E10008F997 /* CDYelpBusiness */ = {
			isa = PBXGroup;
			children = (
				B69F73412151E2CE00F8956F /* CDYelpBusiness+MKAnnotation.swift */,
			);
			path = CDYelpBusiness;
			sourceTree = "<group>";
		};
		B67CD55C214F10A0005F755A = {
			isa = PBXGroup;
			children = (
				B67CD567214F10A1005F755A /* RestaurantRoulette */,
				B67CD57C214F10A6005F755A /* RestaurantRouletteTests */,
				B67CD587214F10A6005F755A /* RestaurantRouletteUITests */,
				B67CD566214F10A1005F755A /* Products */,
				B67CD598214F11A5005F755A /* Frameworks */,
				D25EC569CC83737144A1C37F /* Pods */,
			);
			sourceTree = "<group>";
		};
		B67CD566214F10A1005F755A /* Products */ = {
			isa = PBXGroup;
			children = (
				B67CD565214F10A1005F755A /* RestaurantRoulette.app */,
				B67CD579214F10A6005F755A /* RestaurantRouletteTests.xctest */,
				B67CD584214F10A6005F755A /* RestaurantRouletteUITests.xctest */,
			);
			name = Products;
			sourceTree = "<group>";
		};
		B67CD567214F10A1005F755A /* RestaurantRoulette */ = {
			isa = PBXGroup;
			children = (
				B61FDAA4214F11F700B536AD /* Models */,
				B61FDAA3214F11F400B536AD /* Views */,
				B61FDAA2214F11F200B536AD /* Controllers */,
				B61FDAA1214F11EA00B536AD /* Managers */,
				B69F7336215185DA00F8956F /* Formatters */,
				B6E8A61C21503329003EB2E8 /* UnitConversion */,
				B61FDAA0214F11D600B536AD /* Resources */,
			);
			path = RestaurantRoulette;
			sourceTree = "<group>";
		};
		B67CD57C214F10A6005F755A /* RestaurantRouletteTests */ = {
			isa = PBXGroup;
			children = (
				B67CD57D214F10A6005F755A /* RestaurantRouletteTests.swift */,
				B67CD57F214F10A6005F755A /* Info.plist */,
			);
			path = RestaurantRouletteTests;
			sourceTree = "<group>";
		};
		B67CD587214F10A6005F755A /* RestaurantRouletteUITests */ = {
			isa = PBXGroup;
			children = (
				B67CD588214F10A6005F755A /* RestaurantRouletteUITests.swift */,
				B67CD58A214F10A6005F755A /* Info.plist */,
			);
			path = RestaurantRouletteUITests;
			sourceTree = "<group>";
		};
		B67CD598214F11A5005F755A /* Frameworks */ = {
			isa = PBXGroup;
			children = (
				B67CD599214F11A5005F755A /* CloudKit.framework */,
				9E590FE1F8F15C69C0B40CB8 /* Pods_RestaurantRoulette.framework */,
			);
			name = Frameworks;
			sourceTree = "<group>";
		};
		B69F7336215185DA00F8956F /* Formatters */ = {
			isa = PBXGroup;
			children = (
				B69F7337215185E600F8956F /* PhoneNumberFormatter.swift */,
			);
			path = Formatters;
			sourceTree = "<group>";
		};
		B6E8A61A215008B7003EB2E8 /* Storyboards */ = {
			isa = PBXGroup;
			children = (
				B67CD56C214F10A1005F755A /* SearchScreen.storyboard */,
				B67CD571214F10A6005F755A /* LaunchScreen.storyboard */,
			);
			path = Storyboards;
			sourceTree = "<group>";
		};
		B6E8A61B215008C2003EB2E8 /* CustomViews */ = {
			isa = PBXGroup;
			children = (
				B6C934B421504A8B003CE920 /* RestaurantTableViewCell.swift */,
				B6733FCF2152C8940008F997 /* BusinessTableViewCell.swift */,
			);
			path = CustomViews;
			sourceTree = "<group>";
		};
		B6E8A61C21503329003EB2E8 /* UnitConversion */ = {
			isa = PBXGroup;
			children = (
				B6E8A61D21503338003EB2E8 /* MetersUnitConverter.swift */,
			);
			path = UnitConversion;
			sourceTree = "<group>";
		};
		D25EC569CC83737144A1C37F /* Pods */ = {
			isa = PBXGroup;
			children = (
				1C88CD7DFFED05A4247986CE /* Pods-RestaurantRoulette.debug.xcconfig */,
				D15932CD02930B445B58711B /* Pods-RestaurantRoulette.release.xcconfig */,
			);
			name = Pods;
			sourceTree = "<group>";
		};
/* End PBXGroup section */

/* Begin PBXNativeTarget section */
		B67CD564214F10A0005F755A /* RestaurantRoulette */ = {
			isa = PBXNativeTarget;
			buildConfigurationList = B67CD58D214F10A6005F755A /* Build configuration list for PBXNativeTarget "RestaurantRoulette" */;
			buildPhases = (
				53F1034CCB34D665252FC19F /* [CP] Check Pods Manifest.lock */,
				B67CD561214F10A0005F755A /* Sources */,
				B67CD562214F10A0005F755A /* Frameworks */,
				B67CD563214F10A0005F755A /* Resources */,
				B67CD596214F118D005F755A /* ShellScript */,
				72393767D8DE7F8E4A1D18CF /* [CP] Embed Pods Frameworks */,
			);
			buildRules = (
			);
			dependencies = (
			);
			name = RestaurantRoulette;
			productName = RestaurantRoulette;
			productReference = B67CD565214F10A1005F755A /* RestaurantRoulette.app */;
			productType = "com.apple.product-type.application";
		};
		B67CD578214F10A6005F755A /* RestaurantRouletteTests */ = {
			isa = PBXNativeTarget;
			buildConfigurationList = B67CD590214F10A6005F755A /* Build configuration list for PBXNativeTarget "RestaurantRouletteTests" */;
			buildPhases = (
				B67CD575214F10A6005F755A /* Sources */,
				B67CD576214F10A6005F755A /* Frameworks */,
				B67CD577214F10A6005F755A /* Resources */,
			);
			buildRules = (
			);
			dependencies = (
				B67CD57B214F10A6005F755A /* PBXTargetDependency */,
			);
			name = RestaurantRouletteTests;
			productName = RestaurantRouletteTests;
			productReference = B67CD579214F10A6005F755A /* RestaurantRouletteTests.xctest */;
			productType = "com.apple.product-type.bundle.unit-test";
		};
		B67CD583214F10A6005F755A /* RestaurantRouletteUITests */ = {
			isa = PBXNativeTarget;
			buildConfigurationList = B67CD593214F10A6005F755A /* Build configuration list for PBXNativeTarget "RestaurantRouletteUITests" */;
			buildPhases = (
				B67CD580214F10A6005F755A /* Sources */,
				B67CD581214F10A6005F755A /* Frameworks */,
				B67CD582214F10A6005F755A /* Resources */,
			);
			buildRules = (
			);
			dependencies = (
				B67CD586214F10A6005F755A /* PBXTargetDependency */,
			);
			name = RestaurantRouletteUITests;
			productName = RestaurantRouletteUITests;
			productReference = B67CD584214F10A6005F755A /* RestaurantRouletteUITests.xctest */;
			productType = "com.apple.product-type.bundle.ui-testing";
		};
/* End PBXNativeTarget section */

/* Begin PBXProject section */
		B67CD55D214F10A0005F755A /* Project object */ = {
			isa = PBXProject;
			attributes = {
				LastSwiftUpdateCheck = 0940;
				LastUpgradeCheck = 0940;
				ORGANIZATIONNAME = "Zachary Frew";
				TargetAttributes = {
					B67CD564214F10A0005F755A = {
						CreatedOnToolsVersion = 9.4.1;
						SystemCapabilities = {
							com.apple.Push = {
								enabled = 1;
							};
							com.apple.iCloud = {
								enabled = 1;
							};
						};
					};
					B67CD578214F10A6005F755A = {
						CreatedOnToolsVersion = 9.4.1;
						TestTargetID = B67CD564214F10A0005F755A;
					};
					B67CD583214F10A6005F755A = {
						CreatedOnToolsVersion = 9.4.1;
						TestTargetID = B67CD564214F10A0005F755A;
					};
				};
			};
			buildConfigurationList = B67CD560214F10A0005F755A /* Build configuration list for PBXProject "RestaurantRoulette" */;
			compatibilityVersion = "Xcode 9.3";
			developmentRegion = en;
			hasScannedForEncodings = 0;
			knownRegions = (
				en,
				Base,
			);
			mainGroup = B67CD55C214F10A0005F755A;
			productRefGroup = B67CD566214F10A1005F755A /* Products */;
			projectDirPath = "";
			projectRoot = "";
			targets = (
				B67CD564214F10A0005F755A /* RestaurantRoulette */,
				B67CD578214F10A6005F755A /* RestaurantRouletteTests */,
				B67CD583214F10A6005F755A /* RestaurantRouletteUITests */,
			);
		};
/* End PBXProject section */

/* Begin PBXResourcesBuildPhase section */
		B67CD563214F10A0005F755A /* Resources */ = {
			isa = PBXResourcesBuildPhase;
			buildActionMask = 2147483647;
			files = (
				B67CD573214F10A6005F755A /* LaunchScreen.storyboard in Resources */,
				B67CD570214F10A6005F755A /* Assets.xcassets in Resources */,
				B67CD56E214F10A1005F755A /* SearchScreen.storyboard in Resources */,
			);
			runOnlyForDeploymentPostprocessing = 0;
		};
		B67CD577214F10A6005F755A /* Resources */ = {
			isa = PBXResourcesBuildPhase;
			buildActionMask = 2147483647;
			files = (
			);
			runOnlyForDeploymentPostprocessing = 0;
		};
		B67CD582214F10A6005F755A /* Resources */ = {
			isa = PBXResourcesBuildPhase;
			buildActionMask = 2147483647;
			files = (
			);
			runOnlyForDeploymentPostprocessing = 0;
		};
/* End PBXResourcesBuildPhase section */

/* Begin PBXShellScriptBuildPhase section */
		53F1034CCB34D665252FC19F /* [CP] Check Pods Manifest.lock */ = {
			isa = PBXShellScriptBuildPhase;
			buildActionMask = 2147483647;
			files = (
			);
			inputPaths = (
				"${PODS_PODFILE_DIR_PATH}/Podfile.lock",
				"${PODS_ROOT}/Manifest.lock",
			);
			name = "[CP] Check Pods Manifest.lock";
			outputPaths = (
				"$(DERIVED_FILE_DIR)/Pods-RestaurantRoulette-checkManifestLockResult.txt",
			);
			runOnlyForDeploymentPostprocessing = 0;
			shellPath = /bin/sh;
			shellScript = "diff \"${PODS_PODFILE_DIR_PATH}/Podfile.lock\" \"${PODS_ROOT}/Manifest.lock\" > /dev/null\nif [ $? != 0 ] ; then\n    # print error to STDERR\n    echo \"error: The sandbox is not in sync with the Podfile.lock. Run 'pod install' or update your CocoaPods installation.\" >&2\n    exit 1\nfi\n# This output is used by Xcode 'outputs' to avoid re-running this script phase.\necho \"SUCCESS\" > \"${SCRIPT_OUTPUT_FILE_0}\"\n";
			showEnvVarsInLog = 0;
		};
		72393767D8DE7F8E4A1D18CF /* [CP] Embed Pods Frameworks */ = {
			isa = PBXShellScriptBuildPhase;
			buildActionMask = 2147483647;
			files = (
			);
			inputPaths = (
				"${SRCROOT}/Pods/Target Support Files/Pods-RestaurantRoulette/Pods-RestaurantRoulette-frameworks.sh",
				"${BUILT_PRODUCTS_DIR}/Alamofire/Alamofire.framework",
				"${BUILT_PRODUCTS_DIR}/AlamofireObjectMapper/AlamofireObjectMapper.framework",
				"${BUILT_PRODUCTS_DIR}/CDYelpFusionKit/CDYelpFusionKit.framework",
				"${BUILT_PRODUCTS_DIR}/ObjectMapper/ObjectMapper.framework",
				"${BUILT_PRODUCTS_DIR}/YelpAPI/YelpAPI.framework",
			);
			name = "[CP] Embed Pods Frameworks";
			outputPaths = (
				"${TARGET_BUILD_DIR}/${FRAMEWORKS_FOLDER_PATH}/Alamofire.framework",
				"${TARGET_BUILD_DIR}/${FRAMEWORKS_FOLDER_PATH}/AlamofireObjectMapper.framework",
				"${TARGET_BUILD_DIR}/${FRAMEWORKS_FOLDER_PATH}/CDYelpFusionKit.framework",
				"${TARGET_BUILD_DIR}/${FRAMEWORKS_FOLDER_PATH}/ObjectMapper.framework",
				"${TARGET_BUILD_DIR}/${FRAMEWORKS_FOLDER_PATH}/YelpAPI.framework",
			);
			runOnlyForDeploymentPostprocessing = 0;
			shellPath = /bin/sh;
			shellScript = "\"${SRCROOT}/Pods/Target Support Files/Pods-RestaurantRoulette/Pods-RestaurantRoulette-frameworks.sh\"\n";
			showEnvVarsInLog = 0;
		};
		B67CD596214F118D005F755A /* ShellScript */ = {
			isa = PBXShellScriptBuildPhase;
			buildActionMask = 2147483647;
			files = (
			);
			inputPaths = (
			);
			outputPaths = (
			);
			runOnlyForDeploymentPostprocessing = 0;
			shellPath = /bin/bash;
			shellScript = "#!/bin/bash\nbuildNumber=$(/usr/libexec/PlistBuddy -c \"Print CFBundleVersion\" \"$INFOPLIST_FILE\")\nbuildNumber=$(($buildNumber + 1))\n/usr/libexec/PlistBuddy -c \"Set :CFBundleVersion $buildNumber\" \"$INFOPLIST_FILE\"";
		};
/* End PBXShellScriptBuildPhase section */

/* Begin PBXSourcesBuildPhase section */
		B67CD561214F10A0005F755A /* Sources */ = {
			isa = PBXSourcesBuildPhase;
			buildActionMask = 2147483647;
			files = (
				B6E8A620215037AE003EB2E8 /* FavoritesListViewController.swift in Sources */,
				B69F7335215157EA00F8956F /* FavoriteDetailViewController.swift in Sources */,
				B61FDAB3214F12B000B536AD /* CoreDataManager.swift in Sources */,
				B6E8A61E21503338003EB2E8 /* MetersUnitConverter.swift in Sources */,
				B67CD569214F10A1005F755A /* AppDelegate.swift in Sources */,
				B61FDAAC214F123F00B536AD /* SearchViewController.swift in Sources */,
				B6C934BB21506594003CE920 /* RestaurantsListViewController.swift in Sources */,
				B61FDAAA214F123100B536AD /* RestaurantController.swift in Sources */,
				B61FDAB6214F12E300B536AD /* CoreLocationManager.swift in Sources */,
				B6733FC52152BC780008F997 /* CDYelpFusionKitManager.swift in Sources */,
				B61FDAB1214F12A500B536AD /* CloudKitManager.swift in Sources */,
				B69F7338215185E600F8956F /* PhoneNumberFormatter.swift in Sources */,
				B6733FD8215318870008F997 /* RestaurantRoulette.xcdatamodeld in Sources */,
				B6733FD52152E8530008F997 /* ButtonAnimationManager.swift in Sources */,
				B6733FDD21531A140008F997 /* CoreDataStack.swift in Sources */,
				B69F73422151E2CE00F8956F /* CDYelpBusiness+MKAnnotation.swift in Sources */,
				B6733FDF21531A310008F997 /* Restaurant+Convenience.swift in Sources */,
				B69F733E2151C00400F8956F /* FavoriteMapViewController.swift in Sources */,
				B61FDAB8214F12EA00B536AD /* MapKitManager.swift in Sources */,
				B6C934B521504A8B003CE920 /* RestaurantTableViewCell.swift in Sources */,
				B69F73402151E0E900F8956F /* RandomRestaurantMapViewController.swift in Sources */,
				B69F733C2151BCB600F8956F /* RouletteAnimationViewController.swift in Sources */,
				B6733FD02152C8940008F997 /* BusinessTableViewCell.swift in Sources */,
			);
			runOnlyForDeploymentPostprocessing = 0;
		};
		B67CD575214F10A6005F755A /* Sources */ = {
			isa = PBXSourcesBuildPhase;
			buildActionMask = 2147483647;
			files = (
				B67CD57E214F10A6005F755A /* RestaurantRouletteTests.swift in Sources */,
			);
			runOnlyForDeploymentPostprocessing = 0;
		};
		B67CD580214F10A6005F755A /* Sources */ = {
			isa = PBXSourcesBuildPhase;
			buildActionMask = 2147483647;
			files = (
				B67CD589214F10A6005F755A /* RestaurantRouletteUITests.swift in Sources */,
			);
			runOnlyForDeploymentPostprocessing = 0;
		};
/* End PBXSourcesBuildPhase section */

/* Begin PBXTargetDependency section */
		B67CD57B214F10A6005F755A /* PBXTargetDependency */ = {
			isa = PBXTargetDependency;
			target = B67CD564214F10A0005F755A /* RestaurantRoulette */;
			targetProxy = B67CD57A214F10A6005F755A /* PBXContainerItemProxy */;
		};
		B67CD586214F10A6005F755A /* PBXTargetDependency */ = {
			isa = PBXTargetDependency;
			target = B67CD564214F10A0005F755A /* RestaurantRoulette */;
			targetProxy = B67CD585214F10A6005F755A /* PBXContainerItemProxy */;
		};
/* End PBXTargetDependency section */

/* Begin PBXVariantGroup section */
		B67CD56C214F10A1005F755A /* SearchScreen.storyboard */ = {
			isa = PBXVariantGroup;
			children = (
				B67CD56D214F10A1005F755A /* Base */,
			);
			name = SearchScreen.storyboard;
			sourceTree = "<group>";
		};
		B67CD571214F10A6005F755A /* LaunchScreen.storyboard */ = {
			isa = PBXVariantGroup;
			children = (
				B67CD572214F10A6005F755A /* Base */,
			);
			name = LaunchScreen.storyboard;
			sourceTree = "<group>";
		};
/* End PBXVariantGroup section */

/* Begin XCBuildConfiguration section */
		B67CD58B214F10A6005F755A /* Debug */ = {
			isa = XCBuildConfiguration;
			buildSettings = {
				ALWAYS_SEARCH_USER_PATHS = NO;
				CLANG_ANALYZER_NONNULL = YES;
				CLANG_ANALYZER_NUMBER_OBJECT_CONVERSION = YES_AGGRESSIVE;
				CLANG_CXX_LANGUAGE_STANDARD = "gnu++14";
				CLANG_CXX_LIBRARY = "libc++";
				CLANG_ENABLE_MODULES = YES;
				CLANG_ENABLE_OBJC_ARC = YES;
				CLANG_ENABLE_OBJC_WEAK = YES;
				CLANG_WARN_BLOCK_CAPTURE_AUTORELEASING = YES;
				CLANG_WARN_BOOL_CONVERSION = YES;
				CLANG_WARN_COMMA = YES;
				CLANG_WARN_CONSTANT_CONVERSION = YES;
				CLANG_WARN_DEPRECATED_OBJC_IMPLEMENTATIONS = YES;
				CLANG_WARN_DIRECT_OBJC_ISA_USAGE = YES_ERROR;
				CLANG_WARN_DOCUMENTATION_COMMENTS = YES;
				CLANG_WARN_EMPTY_BODY = YES;
				CLANG_WARN_ENUM_CONVERSION = YES;
				CLANG_WARN_INFINITE_RECURSION = YES;
				CLANG_WARN_INT_CONVERSION = YES;
				CLANG_WARN_NON_LITERAL_NULL_CONVERSION = YES;
				CLANG_WARN_OBJC_IMPLICIT_RETAIN_SELF = YES;
				CLANG_WARN_OBJC_LITERAL_CONVERSION = YES;
				CLANG_WARN_OBJC_ROOT_CLASS = YES_ERROR;
				CLANG_WARN_RANGE_LOOP_ANALYSIS = YES;
				CLANG_WARN_STRICT_PROTOTYPES = YES;
				CLANG_WARN_SUSPICIOUS_MOVE = YES;
				CLANG_WARN_UNGUARDED_AVAILABILITY = YES_AGGRESSIVE;
				CLANG_WARN_UNREACHABLE_CODE = YES;
				CLANG_WARN__DUPLICATE_METHOD_MATCH = YES;
				CODE_SIGN_IDENTITY = "iPhone Developer";
				COPY_PHASE_STRIP = NO;
				DEBUG_INFORMATION_FORMAT = dwarf;
				ENABLE_STRICT_OBJC_MSGSEND = YES;
				ENABLE_TESTABILITY = YES;
				GCC_C_LANGUAGE_STANDARD = gnu11;
				GCC_DYNAMIC_NO_PIC = NO;
				GCC_NO_COMMON_BLOCKS = YES;
				GCC_OPTIMIZATION_LEVEL = 0;
				GCC_PREPROCESSOR_DEFINITIONS = (
					"DEBUG=1",
					"$(inherited)",
				);
				GCC_WARN_64_TO_32_BIT_CONVERSION = YES;
				GCC_WARN_ABOUT_RETURN_TYPE = YES_ERROR;
				GCC_WARN_UNDECLARED_SELECTOR = YES;
				GCC_WARN_UNINITIALIZED_AUTOS = YES_AGGRESSIVE;
				GCC_WARN_UNUSED_FUNCTION = YES;
				GCC_WARN_UNUSED_VARIABLE = YES;
				IPHONEOS_DEPLOYMENT_TARGET = 11.4;
				MTL_ENABLE_DEBUG_INFO = YES;
				ONLY_ACTIVE_ARCH = YES;
				SDKROOT = iphoneos;
				SWIFT_ACTIVE_COMPILATION_CONDITIONS = DEBUG;
				SWIFT_OPTIMIZATION_LEVEL = "-Onone";
			};
			name = Debug;
		};
		B67CD58C214F10A6005F755A /* Release */ = {
			isa = XCBuildConfiguration;
			buildSettings = {
				ALWAYS_SEARCH_USER_PATHS = NO;
				CLANG_ANALYZER_NONNULL = YES;
				CLANG_ANALYZER_NUMBER_OBJECT_CONVERSION = YES_AGGRESSIVE;
				CLANG_CXX_LANGUAGE_STANDARD = "gnu++14";
				CLANG_CXX_LIBRARY = "libc++";
				CLANG_ENABLE_MODULES = YES;
				CLANG_ENABLE_OBJC_ARC = YES;
				CLANG_ENABLE_OBJC_WEAK = YES;
				CLANG_WARN_BLOCK_CAPTURE_AUTORELEASING = YES;
				CLANG_WARN_BOOL_CONVERSION = YES;
				CLANG_WARN_COMMA = YES;
				CLANG_WARN_CONSTANT_CONVERSION = YES;
				CLANG_WARN_DEPRECATED_OBJC_IMPLEMENTATIONS = YES;
				CLANG_WARN_DIRECT_OBJC_ISA_USAGE = YES_ERROR;
				CLANG_WARN_DOCUMENTATION_COMMENTS = YES;
				CLANG_WARN_EMPTY_BODY = YES;
				CLANG_WARN_ENUM_CONVERSION = YES;
				CLANG_WARN_INFINITE_RECURSION = YES;
				CLANG_WARN_INT_CONVERSION = YES;
				CLANG_WARN_NON_LITERAL_NULL_CONVERSION = YES;
				CLANG_WARN_OBJC_IMPLICIT_RETAIN_SELF = YES;
				CLANG_WARN_OBJC_LITERAL_CONVERSION = YES;
				CLANG_WARN_OBJC_ROOT_CLASS = YES_ERROR;
				CLANG_WARN_RANGE_LOOP_ANALYSIS = YES;
				CLANG_WARN_STRICT_PROTOTYPES = YES;
				CLANG_WARN_SUSPICIOUS_MOVE = YES;
				CLANG_WARN_UNGUARDED_AVAILABILITY = YES_AGGRESSIVE;
				CLANG_WARN_UNREACHABLE_CODE = YES;
				CLANG_WARN__DUPLICATE_METHOD_MATCH = YES;
				CODE_SIGN_IDENTITY = "iPhone Developer";
				COPY_PHASE_STRIP = NO;
				DEBUG_INFORMATION_FORMAT = "dwarf-with-dsym";
				ENABLE_NS_ASSERTIONS = NO;
				ENABLE_STRICT_OBJC_MSGSEND = YES;
				GCC_C_LANGUAGE_STANDARD = gnu11;
				GCC_NO_COMMON_BLOCKS = YES;
				GCC_WARN_64_TO_32_BIT_CONVERSION = YES;
				GCC_WARN_ABOUT_RETURN_TYPE = YES_ERROR;
				GCC_WARN_UNDECLARED_SELECTOR = YES;
				GCC_WARN_UNINITIALIZED_AUTOS = YES_AGGRESSIVE;
				GCC_WARN_UNUSED_FUNCTION = YES;
				GCC_WARN_UNUSED_VARIABLE = YES;
				IPHONEOS_DEPLOYMENT_TARGET = 11.4;
				MTL_ENABLE_DEBUG_INFO = NO;
				SDKROOT = iphoneos;
				SWIFT_COMPILATION_MODE = wholemodule;
				SWIFT_OPTIMIZATION_LEVEL = "-O";
				VALIDATE_PRODUCT = YES;
			};
			name = Release;
		};
		B67CD58E214F10A6005F755A /* Debug */ = {
			isa = XCBuildConfiguration;
			baseConfigurationReference = 1C88CD7DFFED05A4247986CE /* Pods-RestaurantRoulette.debug.xcconfig */;
			buildSettings = {
				ASSETCATALOG_COMPILER_APPICON_NAME = AppIcon;
				CODE_SIGN_ENTITLEMENTS = RestaurantRoulette/Resources/RestaurantRoulette.entitlements;
				CODE_SIGN_STYLE = Automatic;
				DEVELOPMENT_TEAM = PKK87S6JNY;
				INFOPLIST_FILE = "$(SRCROOT)/RestaurantRoulette/Resources/Info.plist";
				LD_RUNPATH_SEARCH_PATHS = (
					"$(inherited)",
					"@executable_path/Frameworks",
				);
				PRODUCT_BUNDLE_IDENTIFIER = com.zachfrew.RestaurantRoulette;
				PRODUCT_NAME = "$(TARGET_NAME)";
				SWIFT_VERSION = 4.0;
				TARGETED_DEVICE_FAMILY = "1,2";
			};
			name = Debug;
		};
		B67CD58F214F10A6005F755A /* Release */ = {
			isa = XCBuildConfiguration;
			baseConfigurationReference = D15932CD02930B445B58711B /* Pods-RestaurantRoulette.release.xcconfig */;
			buildSettings = {
				ASSETCATALOG_COMPILER_APPICON_NAME = AppIcon;
				CODE_SIGN_ENTITLEMENTS = RestaurantRoulette/Resources/RestaurantRoulette.entitlements;
				CODE_SIGN_STYLE = Automatic;
				DEVELOPMENT_TEAM = PKK87S6JNY;
				INFOPLIST_FILE = "$(SRCROOT)/RestaurantRoulette/Resources/Info.plist";
				LD_RUNPATH_SEARCH_PATHS = (
					"$(inherited)",
					"@executable_path/Frameworks",
				);
				PRODUCT_BUNDLE_IDENTIFIER = com.zachfrew.RestaurantRoulette;
				PRODUCT_NAME = "$(TARGET_NAME)";
				SWIFT_VERSION = 4.0;
				TARGETED_DEVICE_FAMILY = "1,2";
			};
			name = Release;
		};
		B67CD591214F10A6005F755A /* Debug */ = {
			isa = XCBuildConfiguration;
			buildSettings = {
				ALWAYS_EMBED_SWIFT_STANDARD_LIBRARIES = YES;
				BUNDLE_LOADER = "$(TEST_HOST)";
				CODE_SIGN_STYLE = Automatic;
				DEVELOPMENT_TEAM = PKK87S6JNY;
				INFOPLIST_FILE = RestaurantRouletteTests/Info.plist;
				LD_RUNPATH_SEARCH_PATHS = (
					"$(inherited)",
					"@executable_path/Frameworks",
					"@loader_path/Frameworks",
				);
				PRODUCT_BUNDLE_IDENTIFIER = com.zachfrew.RestaurantRouletteTests;
				PRODUCT_NAME = "$(TARGET_NAME)";
				SWIFT_VERSION = 4.0;
				TARGETED_DEVICE_FAMILY = "1,2";
				TEST_HOST = "$(BUILT_PRODUCTS_DIR)/RestaurantRoulette.app/RestaurantRoulette";
			};
			name = Debug;
		};
		B67CD592214F10A6005F755A /* Release */ = {
			isa = XCBuildConfiguration;
			buildSettings = {
				ALWAYS_EMBED_SWIFT_STANDARD_LIBRARIES = YES;
				BUNDLE_LOADER = "$(TEST_HOST)";
				CODE_SIGN_STYLE = Automatic;
				DEVELOPMENT_TEAM = PKK87S6JNY;
				INFOPLIST_FILE = RestaurantRouletteTests/Info.plist;
				LD_RUNPATH_SEARCH_PATHS = (
					"$(inherited)",
					"@executable_path/Frameworks",
					"@loader_path/Frameworks",
				);
				PRODUCT_BUNDLE_IDENTIFIER = com.zachfrew.RestaurantRouletteTests;
				PRODUCT_NAME = "$(TARGET_NAME)";
				SWIFT_VERSION = 4.0;
				TARGETED_DEVICE_FAMILY = "1,2";
				TEST_HOST = "$(BUILT_PRODUCTS_DIR)/RestaurantRoulette.app/RestaurantRoulette";
			};
			name = Release;
		};
		B67CD594214F10A6005F755A /* Debug */ = {
			isa = XCBuildConfiguration;
			buildSettings = {
				ALWAYS_EMBED_SWIFT_STANDARD_LIBRARIES = YES;
				CODE_SIGN_STYLE = Automatic;
				DEVELOPMENT_TEAM = PKK87S6JNY;
				INFOPLIST_FILE = RestaurantRouletteUITests/Info.plist;
				LD_RUNPATH_SEARCH_PATHS = (
					"$(inherited)",
					"@executable_path/Frameworks",
					"@loader_path/Frameworks",
				);
				PRODUCT_BUNDLE_IDENTIFIER = com.zachfrew.RestaurantRouletteUITests;
				PRODUCT_NAME = "$(TARGET_NAME)";
				SWIFT_VERSION = 4.0;
				TARGETED_DEVICE_FAMILY = "1,2";
				TEST_TARGET_NAME = RestaurantRoulette;
			};
			name = Debug;
		};
		B67CD595214F10A6005F755A /* Release */ = {
			isa = XCBuildConfiguration;
			buildSettings = {
				ALWAYS_EMBED_SWIFT_STANDARD_LIBRARIES = YES;
				CODE_SIGN_STYLE = Automatic;
				DEVELOPMENT_TEAM = PKK87S6JNY;
				INFOPLIST_FILE = RestaurantRouletteUITests/Info.plist;
				LD_RUNPATH_SEARCH_PATHS = (
					"$(inherited)",
					"@executable_path/Frameworks",
					"@loader_path/Frameworks",
				);
				PRODUCT_BUNDLE_IDENTIFIER = com.zachfrew.RestaurantRouletteUITests;
				PRODUCT_NAME = "$(TARGET_NAME)";
				SWIFT_VERSION = 4.0;
				TARGETED_DEVICE_FAMILY = "1,2";
				TEST_TARGET_NAME = RestaurantRoulette;
			};
			name = Release;
		};
/* End XCBuildConfiguration section */

/* Begin XCConfigurationList section */
		B67CD560214F10A0005F755A /* Build configuration list for PBXProject "RestaurantRoulette" */ = {
			isa = XCConfigurationList;
			buildConfigurations = (
				B67CD58B214F10A6005F755A /* Debug */,
				B67CD58C214F10A6005F755A /* Release */,
			);
			defaultConfigurationIsVisible = 0;
			defaultConfigurationName = Release;
		};
		B67CD58D214F10A6005F755A /* Build configuration list for PBXNativeTarget "RestaurantRoulette" */ = {
			isa = XCConfigurationList;
			buildConfigurations = (
				B67CD58E214F10A6005F755A /* Debug */,
				B67CD58F214F10A6005F755A /* Release */,
			);
			defaultConfigurationIsVisible = 0;
			defaultConfigurationName = Release;
		};
		B67CD590214F10A6005F755A /* Build configuration list for PBXNativeTarget "RestaurantRouletteTests" */ = {
			isa = XCConfigurationList;
			buildConfigurations = (
				B67CD591214F10A6005F755A /* Debug */,
				B67CD592214F10A6005F755A /* Release */,
			);
			defaultConfigurationIsVisible = 0;
			defaultConfigurationName = Release;
		};
		B67CD593214F10A6005F755A /* Build configuration list for PBXNativeTarget "RestaurantRouletteUITests" */ = {
			isa = XCConfigurationList;
			buildConfigurations = (
				B67CD594214F10A6005F755A /* Debug */,
				B67CD595214F10A6005F755A /* Release */,
			);
			defaultConfigurationIsVisible = 0;
			defaultConfigurationName = Release;
		};
/* End XCConfigurationList section */

/* Begin XCVersionGroup section */
		B6733FD6215318870008F997 /* RestaurantRoulette.xcdatamodeld */ = {
			isa = XCVersionGroup;
			children = (
				B6733FD7215318870008F997 /* RestaurantRoulette.xcdatamodel */,
			);
			currentVersion = B6733FD7215318870008F997 /* RestaurantRoulette.xcdatamodel */;
			path = RestaurantRoulette.xcdatamodeld;
			sourceTree = "<group>";
			versionGroupType = wrapper.xcdatamodel;
		};
/* End XCVersionGroup section */
	};
	rootObject = B67CD55D214F10A0005F755A /* Project object */;
}
